// !$*UTF8*$!
{
	archiveVersion = 1;
	classes = {
	};
	objectVersion = 51;
	objects = {

/* Begin PBXBuildFile section */
		130565EC244D94170015BC2B /* AppDelegate.swift in Sources */ = {isa = PBXBuildFile; fileRef = 130565EB244D94170015BC2B /* AppDelegate.swift */; };
		130565EE244D94170015BC2B /* SceneDelegate.swift in Sources */ = {isa = PBXBuildFile; fileRef = 130565ED244D94170015BC2B /* SceneDelegate.swift */; };
		130565F1244D94170015BC2B /* DrinkProjectSwift.xcdatamodeld in Sources */ = {isa = PBXBuildFile; fileRef = 130565EF244D94170015BC2B /* DrinkProjectSwift.xcdatamodeld */; };
		130565F3244D94170015BC2B /* ContentView.swift in Sources */ = {isa = PBXBuildFile; fileRef = 130565F2244D94170015BC2B /* ContentView.swift */; };
		130565F5244D941D0015BC2B /* Assets.xcassets in Resources */ = {isa = PBXBuildFile; fileRef = 130565F4244D941D0015BC2B /* Assets.xcassets */; };
		130565F8244D941D0015BC2B /* Preview Assets.xcassets in Resources */ = {isa = PBXBuildFile; fileRef = 130565F7244D941D0015BC2B /* Preview Assets.xcassets */; };
		130565FB244D941D0015BC2B /* LaunchScreen.storyboard in Resources */ = {isa = PBXBuildFile; fileRef = 130565F9244D941D0015BC2B /* LaunchScreen.storyboard */; };
		13056604244D99E20015BC2B /* SettingView.swift in Sources */ = {isa = PBXBuildFile; fileRef = 13056603244D99E20015BC2B /* SettingView.swift */; };
		13056609244DA0D40015BC2B /* ProfileImage.swift in Sources */ = {isa = PBXBuildFile; fileRef = 13056608244DA0D40015BC2B /* ProfileImage.swift */; };
		131021D72456A2B9006E6F3B /* JournalView.swift in Sources */ = {isa = PBXBuildFile; fileRef = 131021D62456A2B9006E6F3B /* JournalView.swift */; };
		131021D92456A2D2006E6F3B /* StatisticsView.swift in Sources */ = {isa = PBXBuildFile; fileRef = 131021D82456A2D2006E6F3B /* StatisticsView.swift */; };
		131021E82456D901006E6F3B /* WeekView.swift in Sources */ = {isa = PBXBuildFile; fileRef = 131021E72456D901006E6F3B /* WeekView.swift */; };
		131021EA2456ECEC006E6F3B /* CalendarView.swift in Sources */ = {isa = PBXBuildFile; fileRef = 131021E92456ECEC006E6F3B /* CalendarView.swift */; };
		131021EC2457D063006E6F3B /* CalendarModifier.swift in Sources */ = {isa = PBXBuildFile; fileRef = 131021EB2457D063006E6F3B /* CalendarModifier.swift */; };
		131021EE24585B38006E6F3B /* Data.swift in Sources */ = {isa = PBXBuildFile; fileRef = 131021ED24585B38006E6F3B /* Data.swift */; };
		1311D5BD244FDED2007ECC0D /* Color.swift in Sources */ = {isa = PBXBuildFile; fileRef = 1311D5BC244FDED2007ECC0D /* Color.swift */; };
		1311D5C1244FFDA9007ECC0D /* BackgroundStack.swift in Sources */ = {isa = PBXBuildFile; fileRef = 1311D5C0244FFDA9007ECC0D /* BackgroundStack.swift */; };
		1311D5C52450169A007ECC0D /* NavigationBarModifier.swift in Sources */ = {isa = PBXBuildFile; fileRef = 1311D5C42450169A007ECC0D /* NavigationBarModifier.swift */; };
		1311D5C92450173A007ECC0D /* View.swift in Sources */ = {isa = PBXBuildFile; fileRef = 1311D5C82450173A007ECC0D /* View.swift */; };
		1311D5CD245029AD007ECC0D /* LinearGradient.swift in Sources */ = {isa = PBXBuildFile; fileRef = 1311D5CC245029AD007ECC0D /* LinearGradient.swift */; };
		1311D5CF245039BB007ECC0D /* SectionTitle.swift in Sources */ = {isa = PBXBuildFile; fileRef = 1311D5CE245039BB007ECC0D /* SectionTitle.swift */; };
		1311D5D1245121AA007ECC0D /* Section.swift in Sources */ = {isa = PBXBuildFile; fileRef = 1311D5D0245121AA007ECC0D /* Section.swift */; };
		1311D5D324512612007ECC0D /* RectangularNavigationLink.swift in Sources */ = {isa = PBXBuildFile; fileRef = 1311D5D224512612007ECC0D /* RectangularNavigationLink.swift */; };
		1311D5D924513091007ECC0D /* RectangularToggle.swift in Sources */ = {isa = PBXBuildFile; fileRef = 1311D5D824513091007ECC0D /* RectangularToggle.swift */; };
		1311D5DB2451342A007ECC0D /* FieldModifier.swift in Sources */ = {isa = PBXBuildFile; fileRef = 1311D5DA2451342A007ECC0D /* FieldModifier.swift */; };
		1311D5DD2451399B007ECC0D /* TabBarModifier.swift in Sources */ = {isa = PBXBuildFile; fileRef = 1311D5DC2451399B007ECC0D /* TabBarModifier.swift */; };
		133F0B142452900200003E1A /* TableVIewModifier.swift in Sources */ = {isa = PBXBuildFile; fileRef = 133F0B132452900200003E1A /* TableVIewModifier.swift */; };
		136A8534244EB48C00DC33B8 /* ToggleRowView.swift in Sources */ = {isa = PBXBuildFile; fileRef = 136A8533244EB48C00DC33B8 /* ToggleRowView.swift */; };
		137B680F244E7FDF0022E00F /* HomeView.swift in Sources */ = {isa = PBXBuildFile; fileRef = 137B680E244E7FDF0022E00F /* HomeView.swift */; };
		137B6811244E85AC0022E00F /* RectangularButton.swift in Sources */ = {isa = PBXBuildFile; fileRef = 137B6810244E85AC0022E00F /* RectangularButton.swift */; };
		13AA76CA24516518002F5C33 /* HostingController.swift in Sources */ = {isa = PBXBuildFile; fileRef = 13AA76C924516518002F5C33 /* HostingController.swift */; };
		DBB074EF89C760AC4048EAF4 /* Pods_DrinkProjectSwift.framework in Frameworks */ = {isa = PBXBuildFile; fileRef = EB1099082CFE8238CE7BC2B0 /* Pods_DrinkProjectSwift.framework */; };
/* End PBXBuildFile section */

/* Begin PBXFileReference section */
		0B22F80B636395E6190A9926 /* Pods-DrinkProjectSwift.release.xcconfig */ = {isa = PBXFileReference; includeInIndex = 1; lastKnownFileType = text.xcconfig; name = "Pods-DrinkProjectSwift.release.xcconfig"; path = "Target Support Files/Pods-DrinkProjectSwift/Pods-DrinkProjectSwift.release.xcconfig"; sourceTree = "<group>"; };
		130565E8244D94170015BC2B /* DrinkProjectSwift.app */ = {isa = PBXFileReference; explicitFileType = wrapper.application; includeInIndex = 0; path = DrinkProjectSwift.app; sourceTree = BUILT_PRODUCTS_DIR; };
		130565EB244D94170015BC2B /* AppDelegate.swift */ = {isa = PBXFileReference; lastKnownFileType = sourcecode.swift; path = AppDelegate.swift; sourceTree = "<group>"; };
		130565ED244D94170015BC2B /* SceneDelegate.swift */ = {isa = PBXFileReference; lastKnownFileType = sourcecode.swift; path = SceneDelegate.swift; sourceTree = "<group>"; };
		130565F0244D94170015BC2B /* DrinkProjectSwift.xcdatamodel */ = {isa = PBXFileReference; lastKnownFileType = wrapper.xcdatamodel; path = DrinkProjectSwift.xcdatamodel; sourceTree = "<group>"; };
		130565F2244D94170015BC2B /* ContentView.swift */ = {isa = PBXFileReference; lastKnownFileType = sourcecode.swift; path = ContentView.swift; sourceTree = "<group>"; };
		130565F4244D941D0015BC2B /* Assets.xcassets */ = {isa = PBXFileReference; lastKnownFileType = folder.assetcatalog; path = Assets.xcassets; sourceTree = "<group>"; };
		130565F7244D941D0015BC2B /* Preview Assets.xcassets */ = {isa = PBXFileReference; lastKnownFileType = folder.assetcatalog; path = "Preview Assets.xcassets"; sourceTree = "<group>"; };
		130565FA244D941D0015BC2B /* Base */ = {isa = PBXFileReference; lastKnownFileType = file.storyboard; name = Base; path = Base.lproj/LaunchScreen.storyboard; sourceTree = "<group>"; };
		130565FC244D941D0015BC2B /* Info.plist */ = {isa = PBXFileReference; lastKnownFileType = text.plist.xml; path = Info.plist; sourceTree = "<group>"; };
		13056603244D99E20015BC2B /* SettingView.swift */ = {isa = PBXFileReference; lastKnownFileType = sourcecode.swift; path = SettingView.swift; sourceTree = "<group>"; };
		13056608244DA0D40015BC2B /* ProfileImage.swift */ = {isa = PBXFileReference; lastKnownFileType = sourcecode.swift; path = ProfileImage.swift; sourceTree = "<group>"; };
		131021D62456A2B9006E6F3B /* JournalView.swift */ = {isa = PBXFileReference; lastKnownFileType = sourcecode.swift; path = JournalView.swift; sourceTree = "<group>"; };
		131021D82456A2D2006E6F3B /* StatisticsView.swift */ = {isa = PBXFileReference; lastKnownFileType = sourcecode.swift; path = StatisticsView.swift; sourceTree = "<group>"; };
		131021E72456D901006E6F3B /* WeekView.swift */ = {isa = PBXFileReference; lastKnownFileType = sourcecode.swift; path = WeekView.swift; sourceTree = "<group>"; };
		131021E92456ECEC006E6F3B /* CalendarView.swift */ = {isa = PBXFileReference; lastKnownFileType = sourcecode.swift; path = CalendarView.swift; sourceTree = "<group>"; };
		131021EB2457D063006E6F3B /* CalendarModifier.swift */ = {isa = PBXFileReference; lastKnownFileType = sourcecode.swift; path = CalendarModifier.swift; sourceTree = "<group>"; };
		131021ED24585B38006E6F3B /* Data.swift */ = {isa = PBXFileReference; lastKnownFileType = sourcecode.swift; path = Data.swift; sourceTree = "<group>"; };
		1311D5BC244FDED2007ECC0D /* Color.swift */ = {isa = PBXFileReference; lastKnownFileType = sourcecode.swift; path = Color.swift; sourceTree = "<group>"; };
		1311D5C0244FFDA9007ECC0D /* BackgroundStack.swift */ = {isa = PBXFileReference; lastKnownFileType = sourcecode.swift; path = BackgroundStack.swift; sourceTree = "<group>"; };
		1311D5C42450169A007ECC0D /* NavigationBarModifier.swift */ = {isa = PBXFileReference; lastKnownFileType = sourcecode.swift; path = NavigationBarModifier.swift; sourceTree = "<group>"; };
		1311D5C82450173A007ECC0D /* View.swift */ = {isa = PBXFileReference; lastKnownFileType = sourcecode.swift; path = View.swift; sourceTree = "<group>"; };
		1311D5CC245029AD007ECC0D /* LinearGradient.swift */ = {isa = PBXFileReference; lastKnownFileType = sourcecode.swift; path = LinearGradient.swift; sourceTree = "<group>"; };
		1311D5CE245039BB007ECC0D /* SectionTitle.swift */ = {isa = PBXFileReference; lastKnownFileType = sourcecode.swift; path = SectionTitle.swift; sourceTree = "<group>"; };
		1311D5D0245121AA007ECC0D /* Section.swift */ = {isa = PBXFileReference; lastKnownFileType = sourcecode.swift; path = Section.swift; sourceTree = "<group>"; };
		1311D5D224512612007ECC0D /* RectangularNavigationLink.swift */ = {isa = PBXFileReference; lastKnownFileType = sourcecode.swift; path = RectangularNavigationLink.swift; sourceTree = "<group>"; };
		1311D5D824513091007ECC0D /* RectangularToggle.swift */ = {isa = PBXFileReference; lastKnownFileType = sourcecode.swift; path = RectangularToggle.swift; sourceTree = "<group>"; };
		1311D5DA2451342A007ECC0D /* FieldModifier.swift */ = {isa = PBXFileReference; lastKnownFileType = sourcecode.swift; path = FieldModifier.swift; sourceTree = "<group>"; };
		1311D5DC2451399B007ECC0D /* TabBarModifier.swift */ = {isa = PBXFileReference; lastKnownFileType = sourcecode.swift; path = TabBarModifier.swift; sourceTree = "<group>"; };
		133F0B132452900200003E1A /* TableVIewModifier.swift */ = {isa = PBXFileReference; lastKnownFileType = sourcecode.swift; path = TableVIewModifier.swift; sourceTree = "<group>"; };
		136A8533244EB48C00DC33B8 /* ToggleRowView.swift */ = {isa = PBXFileReference; lastKnownFileType = sourcecode.swift; path = ToggleRowView.swift; sourceTree = "<group>"; };
		137B680E244E7FDF0022E00F /* HomeView.swift */ = {isa = PBXFileReference; lastKnownFileType = sourcecode.swift; path = HomeView.swift; sourceTree = "<group>"; };
		137B6810244E85AC0022E00F /* RectangularButton.swift */ = {isa = PBXFileReference; lastKnownFileType = sourcecode.swift; path = RectangularButton.swift; sourceTree = "<group>"; };
		13AA76C924516518002F5C33 /* HostingController.swift */ = {isa = PBXFileReference; lastKnownFileType = sourcecode.swift; path = HostingController.swift; sourceTree = "<group>"; };
		EB1099082CFE8238CE7BC2B0 /* Pods_DrinkProjectSwift.framework */ = {isa = PBXFileReference; explicitFileType = wrapper.framework; includeInIndex = 0; path = Pods_DrinkProjectSwift.framework; sourceTree = BUILT_PRODUCTS_DIR; };
		FE834D60817F8EE57FE6DA2F /* Pods-DrinkProjectSwift.debug.xcconfig */ = {isa = PBXFileReference; includeInIndex = 1; lastKnownFileType = text.xcconfig; name = "Pods-DrinkProjectSwift.debug.xcconfig"; path = "Target Support Files/Pods-DrinkProjectSwift/Pods-DrinkProjectSwift.debug.xcconfig"; sourceTree = "<group>"; };
/* End PBXFileReference section */

/* Begin PBXFrameworksBuildPhase section */
		130565E5244D94170015BC2B /* Frameworks */ = {
			isa = PBXFrameworksBuildPhase;
			buildActionMask = 2147483647;
			files = (
				DBB074EF89C760AC4048EAF4 /* Pods_DrinkProjectSwift.framework in Frameworks */,
			);
			runOnlyForDeploymentPostprocessing = 0;
		};
/* End PBXFrameworksBuildPhase section */

/* Begin PBXGroup section */
		130565DF244D94170015BC2B = {
			isa = PBXGroup;
			children = (
				130565EA244D94170015BC2B /* DrinkProjectSwift */,
				130565E9244D94170015BC2B /* Products */,
				40C0A50F1842BB732B7DC5FE /* Pods */,
				6509CD792B616C40E3D6439A /* Frameworks */,
			);
			sourceTree = "<group>";
		};
		130565E9244D94170015BC2B /* Products */ = {
			isa = PBXGroup;
			children = (
				130565E8244D94170015BC2B /* DrinkProjectSwift.app */,
			);
			name = Products;
			sourceTree = "<group>";
		};
		130565EA244D94170015BC2B /* DrinkProjectSwift */ = {
			isa = PBXGroup;
			children = (
				130565EB244D94170015BC2B /* AppDelegate.swift */,
				130565ED244D94170015BC2B /* SceneDelegate.swift */,
				1311D5BF244FFD78007ECC0D /* Containers */,
				1311D5C72450170C007ECC0D /* Extentions */,
				137B6808244E7EEA0022E00F /* Modifier */,
				13056607244DA07B0015BC2B /* SupportingVIews */,
				137B680D244E7EFB0022E00F /* Home */,
				137B680C244E7EF60022E00F /* Journal */,
				137B680B244E7EF40022E00F /* Statistics */,
				13056602244D95C90015BC2B /* Settings */,
				137B680A244E7EF10022E00F /* Resources */,
				130565F2244D94170015BC2B /* ContentView.swift */,
				130565F4244D941D0015BC2B /* Assets.xcassets */,
				130565F9244D941D0015BC2B /* LaunchScreen.storyboard */,
				130565FC244D941D0015BC2B /* Info.plist */,
				130565EF244D94170015BC2B /* DrinkProjectSwift.xcdatamodeld */,
				130565F6244D941D0015BC2B /* Preview Content */,
			);
			path = DrinkProjectSwift;
			sourceTree = "<group>";
		};
		130565F6244D941D0015BC2B /* Preview Content */ = {
			isa = PBXGroup;
			children = (
				130565F7244D941D0015BC2B /* Preview Assets.xcassets */,
			);
			path = "Preview Content";
			sourceTree = "<group>";
		};
		13056602244D95C90015BC2B /* Settings */ = {
			isa = PBXGroup;
			children = (
				13056603244D99E20015BC2B /* SettingView.swift */,
				136A8533244EB48C00DC33B8 /* ToggleRowView.swift */,
			);
			path = Settings;
			sourceTree = "<group>";
		};
		13056605244DA05A0015BC2B /* Models */ = {
			isa = PBXGroup;
			children = (
				131021ED24585B38006E6F3B /* Data.swift */,
			);
			path = Models;
			sourceTree = "<group>";
		};
		13056607244DA07B0015BC2B /* SupportingVIews */ = {
			isa = PBXGroup;
			children = (
				13056608244DA0D40015BC2B /* ProfileImage.swift */,
				1311D5CE245039BB007ECC0D /* SectionTitle.swift */,
				131021E92456ECEC006E6F3B /* CalendarView.swift */,
				137B6810244E85AC0022E00F /* RectangularButton.swift */,
				13056605244DA05A0015BC2B /* Models */,
			);
			path = SupportingVIews;
			sourceTree = "<group>";
		};
		1311D5BF244FFD78007ECC0D /* Containers */ = {
			isa = PBXGroup;
			children = (
				1311D5D224512612007ECC0D /* RectangularNavigationLink.swift */,
				1311D5C0244FFDA9007ECC0D /* BackgroundStack.swift */,
				1311D5D824513091007ECC0D /* RectangularToggle.swift */,
			);
			path = Containers;
			sourceTree = "<group>";
		};
		1311D5C72450170C007ECC0D /* Extentions */ = {
			isa = PBXGroup;
			children = (
				1311D5BC244FDED2007ECC0D /* Color.swift */,
				1311D5C82450173A007ECC0D /* View.swift */,
				1311D5CC245029AD007ECC0D /* LinearGradient.swift */,
				1311D5D0245121AA007ECC0D /* Section.swift */,
				13AA76C924516518002F5C33 /* HostingController.swift */,
			);
			path = Extentions;
			sourceTree = "<group>";
		};
		137B6808244E7EEA0022E00F /* Modifier */ = {
			isa = PBXGroup;
			children = (
				1311D5C42450169A007ECC0D /* NavigationBarModifier.swift */,
				131021EB2457D063006E6F3B /* CalendarModifier.swift */,
				133F0B132452900200003E1A /* TableVIewModifier.swift */,
				1311D5DA2451342A007ECC0D /* FieldModifier.swift */,
				1311D5DC2451399B007ECC0D /* TabBarModifier.swift */,
			);
			path = Modifier;
			sourceTree = "<group>";
		};
		137B680A244E7EF10022E00F /* Resources */ = {
			isa = PBXGroup;
			children = (
			);
			path = Resources;
			sourceTree = "<group>";
		};
		137B680B244E7EF40022E00F /* Statistics */ = {
			isa = PBXGroup;
			children = (
				131021D82456A2D2006E6F3B /* StatisticsView.swift */,
			);
			path = Statistics;
			sourceTree = "<group>";
		};
		137B680C244E7EF60022E00F /* Journal */ = {
			isa = PBXGroup;
			children = (
				131021D62456A2B9006E6F3B /* JournalView.swift */,
				131021E72456D901006E6F3B /* WeekView.swift */,
			);
			path = Journal;
			sourceTree = "<group>";
		};
		137B680D244E7EFB0022E00F /* Home */ = {
			isa = PBXGroup;
			children = (
				137B680E244E7FDF0022E00F /* HomeView.swift */,
			);
			path = Home;
			sourceTree = "<group>";
		};
		40C0A50F1842BB732B7DC5FE /* Pods */ = {
			isa = PBXGroup;
			children = (
				FE834D60817F8EE57FE6DA2F /* Pods-DrinkProjectSwift.debug.xcconfig */,
				0B22F80B636395E6190A9926 /* Pods-DrinkProjectSwift.release.xcconfig */,
			);
			path = Pods;
			sourceTree = "<group>";
		};
		6509CD792B616C40E3D6439A /* Frameworks */ = {
			isa = PBXGroup;
			children = (
				EB1099082CFE8238CE7BC2B0 /* Pods_DrinkProjectSwift.framework */,
			);
			name = Frameworks;
			sourceTree = "<group>";
		};
/* End PBXGroup section */

/* Begin PBXNativeTarget section */
		130565E7244D94170015BC2B /* DrinkProjectSwift */ = {
			isa = PBXNativeTarget;
			buildConfigurationList = 130565FF244D941D0015BC2B /* Build configuration list for PBXNativeTarget "DrinkProjectSwift" */;
			buildPhases = (
				5237810340496FBB15F8DC04 /* [CP] Check Pods Manifest.lock */,
				130565E4244D94170015BC2B /* Sources */,
				130565E5244D94170015BC2B /* Frameworks */,
				130565E6244D94170015BC2B /* Resources */,
				C23608E71A199F89AC0F87C1 /* [CP] Embed Pods Frameworks */,
			);
			buildRules = (
			);
			dependencies = (
			);
			name = DrinkProjectSwift;
			productName = DrinkProjectSwift;
			productReference = 130565E8244D94170015BC2B /* DrinkProjectSwift.app */;
			productType = "com.apple.product-type.application";
		};
/* End PBXNativeTarget section */

/* Begin PBXProject section */
		130565E0244D94170015BC2B /* Project object */ = {
			isa = PBXProject;
			attributes = {
				LastSwiftUpdateCheck = 1130;
				LastUpgradeCheck = 1130;
				ORGANIZATIONNAME = jiho;
				TargetAttributes = {
					130565E7244D94170015BC2B = {
						CreatedOnToolsVersion = 11.3.1;
					};
				};
			};
			buildConfigurationList = 130565E3244D94170015BC2B /* Build configuration list for PBXProject "DrinkProjectSwift" */;
			compatibilityVersion = "Xcode 9.3";
			developmentRegion = en;
			hasScannedForEncodings = 0;
			knownRegions = (
				en,
				Base,
			);
			mainGroup = 130565DF244D94170015BC2B;
			productRefGroup = 130565E9244D94170015BC2B /* Products */;
			projectDirPath = "";
			projectRoot = "";
			targets = (
				130565E7244D94170015BC2B /* DrinkProjectSwift */,
			);
		};
/* End PBXProject section */

/* Begin PBXResourcesBuildPhase section */
		130565E6244D94170015BC2B /* Resources */ = {
			isa = PBXResourcesBuildPhase;
			buildActionMask = 2147483647;
			files = (
				130565FB244D941D0015BC2B /* LaunchScreen.storyboard in Resources */,
				130565F8244D941D0015BC2B /* Preview Assets.xcassets in Resources */,
				130565F5244D941D0015BC2B /* Assets.xcassets in Resources */,
			);
			runOnlyForDeploymentPostprocessing = 0;
		};
/* End PBXResourcesBuildPhase section */

/* Begin PBXShellScriptBuildPhase section */
		5237810340496FBB15F8DC04 /* [CP] Check Pods Manifest.lock */ = {
			isa = PBXShellScriptBuildPhase;
			buildActionMask = 2147483647;
			files = (
			);
			inputFileListPaths = (
			);
			inputPaths = (
				"${PODS_PODFILE_DIR_PATH}/Podfile.lock",
				"${PODS_ROOT}/Manifest.lock",
			);
			name = "[CP] Check Pods Manifest.lock";
			outputFileListPaths = (
			);
			outputPaths = (
				"$(DERIVED_FILE_DIR)/Pods-DrinkProjectSwift-checkManifestLockResult.txt",
			);
			runOnlyForDeploymentPostprocessing = 0;
			shellPath = /bin/sh;
			shellScript = "diff \"${PODS_PODFILE_DIR_PATH}/Podfile.lock\" \"${PODS_ROOT}/Manifest.lock\" > /dev/null\nif [ $? != 0 ] ; then\n    # print error to STDERR\n    echo \"error: The sandbox is not in sync with the Podfile.lock. Run 'pod install' or update your CocoaPods installation.\" >&2\n    exit 1\nfi\n# This output is used by Xcode 'outputs' to avoid re-running this script phase.\necho \"SUCCESS\" > \"${SCRIPT_OUTPUT_FILE_0}\"\n";
			showEnvVarsInLog = 0;
		};
		C23608E71A199F89AC0F87C1 /* [CP] Embed Pods Frameworks */ = {
			isa = PBXShellScriptBuildPhase;
			buildActionMask = 2147483647;
			files = (
			);
			inputFileListPaths = (
				"${PODS_ROOT}/Target Support Files/Pods-DrinkProjectSwift/Pods-DrinkProjectSwift-frameworks-${CONFIGURATION}-input-files.xcfilelist",
			);
			name = "[CP] Embed Pods Frameworks";
			outputFileListPaths = (
				"${PODS_ROOT}/Target Support Files/Pods-DrinkProjectSwift/Pods-DrinkProjectSwift-frameworks-${CONFIGURATION}-output-files.xcfilelist",
			);
			runOnlyForDeploymentPostprocessing = 0;
			shellPath = /bin/sh;
			shellScript = "\"${PODS_ROOT}/Target Support Files/Pods-DrinkProjectSwift/Pods-DrinkProjectSwift-frameworks.sh\"\n";
			showEnvVarsInLog = 0;
		};
/* End PBXShellScriptBuildPhase section */

/* Begin PBXSourcesBuildPhase section */
		130565E4244D94170015BC2B /* Sources */ = {
			isa = PBXSourcesBuildPhase;
			buildActionMask = 2147483647;
			files = (
				1311D5D1245121AA007ECC0D /* Section.swift in Sources */,
				131021E82456D901006E6F3B /* WeekView.swift in Sources */,
				130565EC244D94170015BC2B /* AppDelegate.swift in Sources */,
				133F0B142452900200003E1A /* TableVIewModifier.swift in Sources */,
				13AA76CA24516518002F5C33 /* HostingController.swift in Sources */,
				1311D5D924513091007ECC0D /* RectangularToggle.swift in Sources */,
				131021EA2456ECEC006E6F3B /* CalendarView.swift in Sources */,
				131021EE24585B38006E6F3B /* Data.swift in Sources */,
				1311D5DD2451399B007ECC0D /* TabBarModifier.swift in Sources */,
				131021D72456A2B9006E6F3B /* JournalView.swift in Sources */,
				131021EC2457D063006E6F3B /* CalendarModifier.swift in Sources */,
				1311D5C1244FFDA9007ECC0D /* BackgroundStack.swift in Sources */,
				1311D5BD244FDED2007ECC0D /* Color.swift in Sources */,
				1311D5CF245039BB007ECC0D /* SectionTitle.swift in Sources */,
				137B680F244E7FDF0022E00F /* HomeView.swift in Sources */,
				13056609244DA0D40015BC2B /* ProfileImage.swift in Sources */,
				13056604244D99E20015BC2B /* SettingView.swift in Sources */,
				131021D92456A2D2006E6F3B /* StatisticsView.swift in Sources */,
				1311D5CD245029AD007ECC0D /* LinearGradient.swift in Sources */,
				137B6811244E85AC0022E00F /* RectangularButton.swift in Sources */,
				130565F1244D94170015BC2B /* DrinkProjectSwift.xcdatamodeld in Sources */,
				1311D5DB2451342A007ECC0D /* FieldModifier.swift in Sources */,
				1311D5D324512612007ECC0D /* RectangularNavigationLink.swift in Sources */,
				130565F3244D94170015BC2B /* ContentView.swift in Sources */,
				130565EE244D94170015BC2B /* SceneDelegate.swift in Sources */,
				136A8534244EB48C00DC33B8 /* ToggleRowView.swift in Sources */,
				1311D5C92450173A007ECC0D /* View.swift in Sources */,
				1311D5C52450169A007ECC0D /* NavigationBarModifier.swift in Sources */,
			);
			runOnlyForDeploymentPostprocessing = 0;
		};
/* End PBXSourcesBuildPhase section */

/* Begin PBXVariantGroup section */
		130565F9244D941D0015BC2B /* LaunchScreen.storyboard */ = {
			isa = PBXVariantGroup;
			children = (
				130565FA244D941D0015BC2B /* Base */,
			);
			name = LaunchScreen.storyboard;
			sourceTree = "<group>";
		};
/* End PBXVariantGroup section */

/* Begin XCBuildConfiguration section */
		130565FD244D941D0015BC2B /* Debug */ = {
			isa = XCBuildConfiguration;
			buildSettings = {
				ALWAYS_SEARCH_USER_PATHS = NO;
				CLANG_ANALYZER_NONNULL = YES;
				CLANG_ANALYZER_NUMBER_OBJECT_CONVERSION = YES_AGGRESSIVE;
				CLANG_CXX_LANGUAGE_STANDARD = "gnu++14";
				CLANG_CXX_LIBRARY = "libc++";
				CLANG_ENABLE_MODULES = YES;
				CLANG_ENABLE_OBJC_ARC = YES;
				CLANG_ENABLE_OBJC_WEAK = YES;
				CLANG_WARN_BLOCK_CAPTURE_AUTORELEASING = YES;
				CLANG_WARN_BOOL_CONVERSION = YES;
				CLANG_WARN_COMMA = YES;
				CLANG_WARN_CONSTANT_CONVERSION = YES;
				CLANG_WARN_DEPRECATED_OBJC_IMPLEMENTATIONS = YES;
				CLANG_WARN_DIRECT_OBJC_ISA_USAGE = YES_ERROR;
				CLANG_WARN_DOCUMENTATION_COMMENTS = YES;
				CLANG_WARN_EMPTY_BODY = YES;
				CLANG_WARN_ENUM_CONVERSION = YES;
				CLANG_WARN_INFINITE_RECURSION = YES;
				CLANG_WARN_INT_CONVERSION = YES;
				CLANG_WARN_NON_LITERAL_NULL_CONVERSION = YES;
				CLANG_WARN_OBJC_IMPLICIT_RETAIN_SELF = YES;
				CLANG_WARN_OBJC_LITERAL_CONVERSION = YES;
				CLANG_WARN_OBJC_ROOT_CLASS = YES_ERROR;
				CLANG_WARN_RANGE_LOOP_ANALYSIS = YES;
				CLANG_WARN_STRICT_PROTOTYPES = YES;
				CLANG_WARN_SUSPICIOUS_MOVE = YES;
				CLANG_WARN_UNGUARDED_AVAILABILITY = YES_AGGRESSIVE;
				CLANG_WARN_UNREACHABLE_CODE = YES;
				CLANG_WARN__DUPLICATE_METHOD_MATCH = YES;
				COPY_PHASE_STRIP = NO;
				DEBUG_INFORMATION_FORMAT = dwarf;
				DEVELOPMENT_TEAM = 367JJW9WY5;
				ENABLE_STRICT_OBJC_MSGSEND = YES;
				ENABLE_TESTABILITY = YES;
				GCC_C_LANGUAGE_STANDARD = gnu11;
				GCC_DYNAMIC_NO_PIC = NO;
				GCC_NO_COMMON_BLOCKS = YES;
				GCC_OPTIMIZATION_LEVEL = 0;
				GCC_PREPROCESSOR_DEFINITIONS = (
					"DEBUG=1",
					"$(inherited)",
				);
				GCC_WARN_64_TO_32_BIT_CONVERSION = YES;
				GCC_WARN_ABOUT_RETURN_TYPE = YES_ERROR;
				GCC_WARN_UNDECLARED_SELECTOR = YES;
				GCC_WARN_UNINITIALIZED_AUTOS = YES_AGGRESSIVE;
				GCC_WARN_UNUSED_FUNCTION = YES;
				GCC_WARN_UNUSED_VARIABLE = YES;
				IPHONEOS_DEPLOYMENT_TARGET = 13.2;
				MTL_ENABLE_DEBUG_INFO = INCLUDE_SOURCE;
				MTL_FAST_MATH = YES;
				ONLY_ACTIVE_ARCH = YES;
				SDKROOT = iphoneos;
				SWIFT_ACTIVE_COMPILATION_CONDITIONS = DEBUG;
				SWIFT_OPTIMIZATION_LEVEL = "-Onone";
			};
			name = Debug;
		};
		130565FE244D941D0015BC2B /* Release */ = {
			isa = XCBuildConfiguration;
			buildSettings = {
				ALWAYS_SEARCH_USER_PATHS = NO;
				CLANG_ANALYZER_NONNULL = YES;
				CLANG_ANALYZER_NUMBER_OBJECT_CONVERSION = YES_AGGRESSIVE;
				CLANG_CXX_LANGUAGE_STANDARD = "gnu++14";
				CLANG_CXX_LIBRARY = "libc++";
				CLANG_ENABLE_MODULES = YES;
				CLANG_ENABLE_OBJC_ARC = YES;
				CLANG_ENABLE_OBJC_WEAK = YES;
				CLANG_WARN_BLOCK_CAPTURE_AUTORELEASING = YES;
				CLANG_WARN_BOOL_CONVERSION = YES;
				CLANG_WARN_COMMA = YES;
				CLANG_WARN_CONSTANT_CONVERSION = YES;
				CLANG_WARN_DEPRECATED_OBJC_IMPLEMENTATIONS = YES;
				CLANG_WARN_DIRECT_OBJC_ISA_USAGE = YES_ERROR;
				CLANG_WARN_DOCUMENTATION_COMMENTS = YES;
				CLANG_WARN_EMPTY_BODY = YES;
				CLANG_WARN_ENUM_CONVERSION = YES;
				CLANG_WARN_INFINITE_RECURSION = YES;
				CLANG_WARN_INT_CONVERSION = YES;
				CLANG_WARN_NON_LITERAL_NULL_CONVERSION = YES;
				CLANG_WARN_OBJC_IMPLICIT_RETAIN_SELF = YES;
				CLANG_WARN_OBJC_LITERAL_CONVERSION = YES;
				CLANG_WARN_OBJC_ROOT_CLASS = YES_ERROR;
				CLANG_WARN_RANGE_LOOP_ANALYSIS = YES;
				CLANG_WARN_STRICT_PROTOTYPES = YES;
				CLANG_WARN_SUSPICIOUS_MOVE = YES;
				CLANG_WARN_UNGUARDED_AVAILABILITY = YES_AGGRESSIVE;
				CLANG_WARN_UNREACHABLE_CODE = YES;
				CLANG_WARN__DUPLICATE_METHOD_MATCH = YES;
				COPY_PHASE_STRIP = NO;
				DEBUG_INFORMATION_FORMAT = "dwarf-with-dsym";
				DEVELOPMENT_TEAM = 367JJW9WY5;
				ENABLE_NS_ASSERTIONS = NO;
				ENABLE_STRICT_OBJC_MSGSEND = YES;
				GCC_C_LANGUAGE_STANDARD = gnu11;
				GCC_NO_COMMON_BLOCKS = YES;
				GCC_WARN_64_TO_32_BIT_CONVERSION = YES;
				GCC_WARN_ABOUT_RETURN_TYPE = YES_ERROR;
				GCC_WARN_UNDECLARED_SELECTOR = YES;
				GCC_WARN_UNINITIALIZED_AUTOS = YES_AGGRESSIVE;
				GCC_WARN_UNUSED_FUNCTION = YES;
				GCC_WARN_UNUSED_VARIABLE = YES;
				IPHONEOS_DEPLOYMENT_TARGET = 13.2;
				MTL_ENABLE_DEBUG_INFO = NO;
				MTL_FAST_MATH = YES;
				SDKROOT = iphoneos;
				SWIFT_COMPILATION_MODE = wholemodule;
				SWIFT_OPTIMIZATION_LEVEL = "-O";
				VALIDATE_PRODUCT = YES;
			};
			name = Release;
		};
		13056600244D941D0015BC2B /* Debug */ = {
			isa = XCBuildConfiguration;
			baseConfigurationReference = FE834D60817F8EE57FE6DA2F /* Pods-DrinkProjectSwift.debug.xcconfig */;
			buildSettings = {
				ASSETCATALOG_COMPILER_APPICON_NAME = AppIcon;
				CODE_SIGN_STYLE = Automatic;
				DEVELOPMENT_ASSET_PATHS = "\"DrinkProjectSwift/Preview Content\"";
				ENABLE_PREVIEWS = YES;
				INFOPLIST_FILE = DrinkProjectSwift/Info.plist;
				LD_RUNPATH_SEARCH_PATHS = (
					"$(inherited)",
					"@executable_path/Frameworks",
				);
				PRODUCT_BUNDLE_IDENTIFIER = me.jiho.DrinkProjectSwift;
				PRODUCT_NAME = "$(TARGET_NAME)";
				SWIFT_VERSION = 5.0;
				TARGETED_DEVICE_FAMILY = "1,2";
			};
			name = Debug;
		};
		13056601244D941D0015BC2B /* Release */ = {
			isa = XCBuildConfiguration;
			baseConfigurationReference = 0B22F80B636395E6190A9926 /* Pods-DrinkProjectSwift.release.xcconfig */;
			buildSettings = {
				ASSETCATALOG_COMPILER_APPICON_NAME = AppIcon;
				CODE_SIGN_STYLE = Automatic;
				DEVELOPMENT_ASSET_PATHS = "\"DrinkProjectSwift/Preview Content\"";
				ENABLE_PREVIEWS = YES;
				INFOPLIST_FILE = DrinkProjectSwift/Info.plist;
				LD_RUNPATH_SEARCH_PATHS = (
					"$(inherited)",
					"@executable_path/Frameworks",
				);
				PRODUCT_BUNDLE_IDENTIFIER = me.jiho.DrinkProjectSwift;
				PRODUCT_NAME = "$(TARGET_NAME)";
				SWIFT_VERSION = 5.0;
				TARGETED_DEVICE_FAMILY = "1,2";
			};
			name = Release;
		};
/* End XCBuildConfiguration section */

/* Begin XCConfigurationList section */
		130565E3244D94170015BC2B /* Build configuration list for PBXProject "DrinkProjectSwift" */ = {
			isa = XCConfigurationList;
			buildConfigurations = (
				130565FD244D941D0015BC2B /* Debug */,
				130565FE244D941D0015BC2B /* Release */,
			);
			defaultConfigurationIsVisible = 0;
			defaultConfigurationName = Release;
		};
		130565FF244D941D0015BC2B /* Build configuration list for PBXNativeTarget "DrinkProjectSwift" */ = {
			isa = XCConfigurationList;
			buildConfigurations = (
				13056600244D941D0015BC2B /* Debug */,
				13056601244D941D0015BC2B /* Release */,
			);
			defaultConfigurationIsVisible = 0;
			defaultConfigurationName = Release;
		};
/* End XCConfigurationList section */

/* Begin XCVersionGroup section */
		130565EF244D94170015BC2B /* DrinkProjectSwift.xcdatamodeld */ = {
			isa = XCVersionGroup;
			children = (
				130565F0244D94170015BC2B /* DrinkProjectSwift.xcdatamodel */,
			);
			currentVersion = 130565F0244D94170015BC2B /* DrinkProjectSwift.xcdatamodel */;
			path = DrinkProjectSwift.xcdatamodeld;
			sourceTree = "<group>";
			versionGroupType = wrapper.xcdatamodel;
		};
/* End XCVersionGroup section */
	};
	rootObject = 130565E0244D94170015BC2B /* Project object */;
}
